
Microsoft Visual Studio Solution File, Format Version 12.00
# Visual Studio Version 16
VisualStudioVersion = 16.0.30503.244
MinimumVisualStudioVersion = 10.0.40219.1
Project("{FAE04EC0-301F-11D3-BF4B-00C04F79EFBC}") = "TiposEnumeradosENUM", "TiposEnumeradosENUM\TiposEnumeradosENUM.csproj", "{23414075-2B22-47D3-80AC-BEF418C13E72}"
EndProject
Global
	GlobalSection(SolutionConfigurationPlatforms) = preSolution
		Debug|Any CPU = Debug|Any CPU
		Release|Any CPU = Release|Any CPU
	EndGlobalSection
	GlobalSection(ProjectConfigurationPlatforms) = postSolution
		{23414075-2B22-47D3-80AC-BEF418C13E72}.Debug|Any CPU.ActiveCfg = Debug|Any CPU
		{23414075-2B22-47D3-80AC-BEF418C13E72}.Debug|Any CPU.Build.0 = Debug|Any CPU
		{23414075-2B22-47D3-80AC-BEF418C13E72}.Release|Any CPU.ActiveCfg = Release|Any CPU
		{23414075-2B22-47D3-80AC-BEF418C13E72}.Release|Any CPU.Build.0 = Release|Any CPU
	EndGlobalSection
	GlobalSection(SolutionProperties) = preSolution
		HideSolutionNode = FALSE
	EndGlobalSection
	GlobalSection(ExtensibilityGlobals) = postSolution
		SolutionGuid = {5C1FA59E-41F9-4EA5-9321-B4AC8565F60D}
	EndGlobalSection
EndGlobal
